# THIS IS AN AUTOGENERATED FILE. DO NOT EDIT THIS FILE DIRECTLY.
# yarn lockfile v1
cou@latest:
  version "1.2.0"
  resolved "https://registry.yarnpkg.com/cou/-/cou-1.2.0.tgz#105b4e775684f9f3dfd6900e5d28cfa51412a8fe"
  dependencies:
    min-is "^1.1.8"

min-is@^1.1.8:
  version "1.3.0"
  resolved "https://registry.yarnpkg.com/min-is/-/min-is-1.3.0.tgz#a65440a690b9975ab279d0fe49ff37214c30df8d"

min-log:
  version "1.7.0"
  resolved "https://registry.yarnpkg.com/min-log/-/min-log-1.8.0.tgz#f3687c585ac7157d737a3bb21ba8eb525097d23d"
  dependencies:
    min-util "^2.0.0"

min-util@^1.3.3:
  version "1.10.1"
  resolved "https://registry.yarnpkg.com/min-util/-/min-util-1.10.1.tgz#1a65ae5cb0b71059e80bc23ce4ba27e448daa044"
  dependencies:
    cou latest

min-util@^2.0.0:
  version "2.1.0"
  resolved "https://registry.yarnpkg.com/min-util/-/min-util-2.1.0.tgz#20fc8d99f0fc6afa2aaa023d74194b095523ca68"
  dependencies:
    cou latest

reopt@^1.0.1:
  version "1.0.1"
  resolved "https://registry.yarnpkg.com/reopt/-/reopt-1.0.1.tgz#acd68138e23ea082e26f664f5b7225000eb96842"
  dependencies:
    min-util "^1.3.3"

