# THIS IS AN AUTOGENERATED FILE. DO NOT EDIT THIS FILE DIRECTLY.
# yarn lockfile v1


cou@latest:
  version "1.3.0"
  resolved "http://registry.npm.taobao.org/cou/download/cou-1.3.0.tgz#4f357957da3f44f759e93614e450ba05e9e00918"
  dependencies:
    min-is latest

min-is@^2.1.0, min-is@latest:
  version "2.2.0"
  resolved "http://registry.npm.taobao.org/min-is/download/min-is-2.2.0.tgz#2d84ba26b7be7554afd470108f7265d4ce4b39b0"

min-log@latest:
  version "1.11.0"
  resolved "http://registry.npm.taobao.org/min-log/download/min-log-1.11.0.tgz#58f0924646836a5da7a290aca630c96cfc3d5274"
  dependencies:
    min-is "^2.1.0"
    min-util "^2.0.0"

min-util@^2.0.0, min-util@latest:
  version "2.3.0"
  resolved "http://registry.npm.taobao.org/min-util/download/min-util-2.3.0.tgz#95b7244de1ad8788cf3f1224dedd689176f64538"
  dependencies:
    cou latest

reopt@^1.1.0:
  version "1.2.0"
  resolved "http://registry.npm.taobao.org/reopt/download/reopt-1.2.0.tgz#f9544b022966ff7fd5df37f4b713747d4fc83f65"
  dependencies:
    min-util latest
